
Microsoft Visual Studio Solution File, Format Version 12.00
Project("{2150E333-8FDC-42A3-9474-1A3956D46DE8}") = "Catalog", "Catalog", "{8AFC24D7-4B3C-460D-9C02-669DB6CB05C8}"
EndProject
Project("{FAE04EC0-301F-11D3-BF4B-00C04F79EFBC}") = "SatuSeven.Catalog.Bll", "SatuSeven.Catalog.Bll\SatuSeven.Catalog.Bll.csproj", "{B1699265-7C45-4BE7-BF07-DA6DE20D0506}"
EndProject
Project("{FAE04EC0-301F-11D3-BF4B-00C04F79EFBC}") = "SatuSeven.Catalog.Dal", "SatuSeven.Catalog.Dal\SatuSeven.Catalog.Dal.csproj", "{A2C8E0FD-F66E-41AB-B04C-C2E8AB557B08}"
EndProject
Project("{2150E333-8FDC-42A3-9474-1A3956D46DE8}") = "Tests", "Tests", "{5618DD2D-7EA8-4495-9AAD-817F7EAB60D4}"
EndProject
Project("{FAE04EC0-301F-11D3-BF4B-00C04F79EFBC}") = "SatuSeven.Catalog.Tests.Bll", "SatuSeven.Catalog.Tests.Bll\SatuSeven.Catalog.Tests.Bll.csproj", "{1E5CC5C0-B4ED-49AF-B0D9-9DF1888F890E}"
EndProject
Project("{FAE04EC0-301F-11D3-BF4B-00C04F79EFBC}") = "SatuSeven.Catalog.Tests.Dal", "SatuSeven.Catalog.Tests.Dal\SatuSeven.Catalog.Tests.Dal.csproj", "{26DCB593-26DD-49B7-B4BF-A0830E65B7F3}"
EndProject
Project("{2150E333-8FDC-42A3-9474-1A3956D46DE8}") = "Company", "Company", "{7E6F4654-17EA-4955-B1A5-21D70BA5BC94}"
EndProject
Project("{FAE04EC0-301F-11D3-BF4B-00C04F79EFBC}") = "SatuSeven.Company.Bll", "SatuSeven.Company.Bll\SatuSeven.Company.Bll.csproj", "{1C9BBF77-E25F-44B1-AE58-139D65FB26BB}"
EndProject
Project("{FAE04EC0-301F-11D3-BF4B-00C04F79EFBC}") = "SatuSeven.Company.Dal", "SatuSeven.Company.Dal\SatuSeven.Company.Dal.csproj", "{DA08286B-FB7F-499F-867D-C84F280F7296}"
EndProject
Project("{FAE04EC0-301F-11D3-BF4B-00C04F79EFBC}") = "SatuSeven.Contracts", "SatuSeven.Contracts\SatuSeven.Contracts.csproj", "{8957EBD5-B324-47AF-A5AF-83F998310D5F}"
EndProject
Project("{2150E333-8FDC-42A3-9474-1A3956D46DE8}") = "Infrastructure", "Infrastructure", "{DDA9919F-AFE6-43A1-BC72-CD50B6482047}"
EndProject
Project("{FAE04EC0-301F-11D3-BF4B-00C04F79EFBC}") = "SatuSeven.Contracts.Abstract.Providers.EntityFramework", "SatuSeven.Contracts.Abstract.Providers.EntityFramework\SatuSeven.Contracts.Abstract.Providers.EntityFramework.csproj", "{710DE3C1-1820-49EC-B856-37DC2BA97B8C}"
EndProject
Project("{2150E333-8FDC-42A3-9474-1A3956D46DE8}") = "Tests", "Tests", "{D224FB51-ABEF-4F12-8FF7-C2C3D6DB2ED7}"
EndProject
Project("{FAE04EC0-301F-11D3-BF4B-00C04F79EFBC}") = "SatuSeven.Contracts.Abstract.Providers.EntityFramework.Tests", "SatuSeven.Contracts.Abstract.Providers.EntityFramework.Tests\SatuSeven.Contracts.Abstract.Providers.EntityFramework.Tests.csproj", "{48B23781-E6E7-4BFA-B4EB-285B418E7CF7}"
EndProject
Project("{2150E333-8FDC-42A3-9474-1A3956D46DE8}") = "Gateways", "Gateways", "{6AAD6612-3BF8-4D23-952B-31B84CC89D45}"
EndProject
Project("{FAE04EC0-301F-11D3-BF4B-00C04F79EFBC}") = "SatuSeven.Gateways.ClientManagementSystem", "SatuSeven.Gateways.ClientManagementSystem\SatuSeven.Gateways.ClientManagementSystem.csproj", "{00504C99-6B2D-428A-BE03-5FFD6CE66879}"
EndProject
Project("{2150E333-8FDC-42A3-9474-1A3956D46DE8}") = "Tests", "Tests", "{A661E71D-A23F-4768-AAA7-5752BF5C71C6}"
EndProject
Project("{FAE04EC0-301F-11D3-BF4B-00C04F79EFBC}") = "SatuSeven.Gateways.ClientManagementSystem.Tests", "SatuSeven.Gateways.ClientManagementSystem.Tests\SatuSeven.Gateways.ClientManagementSystem.Tests.csproj", "{830B4529-5539-4E4D-B224-4F0C4BF3C42E}"
EndProject
Global
	GlobalSection(SolutionConfigurationPlatforms) = preSolution
		Debug|Any CPU = Debug|Any CPU
		Release|Any CPU = Release|Any CPU
	EndGlobalSection
	GlobalSection(NestedProjects) = preSolution
		{B1699265-7C45-4BE7-BF07-DA6DE20D0506} = {8AFC24D7-4B3C-460D-9C02-669DB6CB05C8}
		{A2C8E0FD-F66E-41AB-B04C-C2E8AB557B08} = {8AFC24D7-4B3C-460D-9C02-669DB6CB05C8}
		{5618DD2D-7EA8-4495-9AAD-817F7EAB60D4} = {8AFC24D7-4B3C-460D-9C02-669DB6CB05C8}
		{1E5CC5C0-B4ED-49AF-B0D9-9DF1888F890E} = {5618DD2D-7EA8-4495-9AAD-817F7EAB60D4}
		{26DCB593-26DD-49B7-B4BF-A0830E65B7F3} = {5618DD2D-7EA8-4495-9AAD-817F7EAB60D4}
		{1C9BBF77-E25F-44B1-AE58-139D65FB26BB} = {7E6F4654-17EA-4955-B1A5-21D70BA5BC94}
		{DA08286B-FB7F-499F-867D-C84F280F7296} = {7E6F4654-17EA-4955-B1A5-21D70BA5BC94}
		{8957EBD5-B324-47AF-A5AF-83F998310D5F} = {DDA9919F-AFE6-43A1-BC72-CD50B6482047}
		{710DE3C1-1820-49EC-B856-37DC2BA97B8C} = {DDA9919F-AFE6-43A1-BC72-CD50B6482047}
		{D224FB51-ABEF-4F12-8FF7-C2C3D6DB2ED7} = {DDA9919F-AFE6-43A1-BC72-CD50B6482047}
		{48B23781-E6E7-4BFA-B4EB-285B418E7CF7} = {D224FB51-ABEF-4F12-8FF7-C2C3D6DB2ED7}
		{00504C99-6B2D-428A-BE03-5FFD6CE66879} = {6AAD6612-3BF8-4D23-952B-31B84CC89D45}
		{A661E71D-A23F-4768-AAA7-5752BF5C71C6} = {6AAD6612-3BF8-4D23-952B-31B84CC89D45}
		{830B4529-5539-4E4D-B224-4F0C4BF3C42E} = {A661E71D-A23F-4768-AAA7-5752BF5C71C6}
	EndGlobalSection
	GlobalSection(ProjectConfigurationPlatforms) = postSolution
		{B1699265-7C45-4BE7-BF07-DA6DE20D0506}.Debug|Any CPU.ActiveCfg = Debug|Any CPU
		{B1699265-7C45-4BE7-BF07-DA6DE20D0506}.Debug|Any CPU.Build.0 = Debug|Any CPU
		{B1699265-7C45-4BE7-BF07-DA6DE20D0506}.Release|Any CPU.ActiveCfg = Release|Any CPU
		{B1699265-7C45-4BE7-BF07-DA6DE20D0506}.Release|Any CPU.Build.0 = Release|Any CPU
		{A2C8E0FD-F66E-41AB-B04C-C2E8AB557B08}.Debug|Any CPU.ActiveCfg = Debug|Any CPU
		{A2C8E0FD-F66E-41AB-B04C-C2E8AB557B08}.Debug|Any CPU.Build.0 = Debug|Any CPU
		{A2C8E0FD-F66E-41AB-B04C-C2E8AB557B08}.Release|Any CPU.ActiveCfg = Release|Any CPU
		{A2C8E0FD-F66E-41AB-B04C-C2E8AB557B08}.Release|Any CPU.Build.0 = Release|Any CPU
		{1E5CC5C0-B4ED-49AF-B0D9-9DF1888F890E}.Debug|Any CPU.ActiveCfg = Debug|Any CPU
		{1E5CC5C0-B4ED-49AF-B0D9-9DF1888F890E}.Debug|Any CPU.Build.0 = Debug|Any CPU
		{1E5CC5C0-B4ED-49AF-B0D9-9DF1888F890E}.Release|Any CPU.ActiveCfg = Release|Any CPU
		{1E5CC5C0-B4ED-49AF-B0D9-9DF1888F890E}.Release|Any CPU.Build.0 = Release|Any CPU
		{26DCB593-26DD-49B7-B4BF-A0830E65B7F3}.Debug|Any CPU.ActiveCfg = Debug|Any CPU
		{26DCB593-26DD-49B7-B4BF-A0830E65B7F3}.Debug|Any CPU.Build.0 = Debug|Any CPU
		{26DCB593-26DD-49B7-B4BF-A0830E65B7F3}.Release|Any CPU.ActiveCfg = Release|Any CPU
		{26DCB593-26DD-49B7-B4BF-A0830E65B7F3}.Release|Any CPU.Build.0 = Release|Any CPU
		{1C9BBF77-E25F-44B1-AE58-139D65FB26BB}.Debug|Any CPU.ActiveCfg = Debug|Any CPU
		{1C9BBF77-E25F-44B1-AE58-139D65FB26BB}.Debug|Any CPU.Build.0 = Debug|Any CPU
		{1C9BBF77-E25F-44B1-AE58-139D65FB26BB}.Release|Any CPU.ActiveCfg = Release|Any CPU
		{1C9BBF77-E25F-44B1-AE58-139D65FB26BB}.Release|Any CPU.Build.0 = Release|Any CPU
		{DA08286B-FB7F-499F-867D-C84F280F7296}.Debug|Any CPU.ActiveCfg = Debug|Any CPU
		{DA08286B-FB7F-499F-867D-C84F280F7296}.Debug|Any CPU.Build.0 = Debug|Any CPU
		{DA08286B-FB7F-499F-867D-C84F280F7296}.Release|Any CPU.ActiveCfg = Release|Any CPU
		{DA08286B-FB7F-499F-867D-C84F280F7296}.Release|Any CPU.Build.0 = Release|Any CPU
		{8957EBD5-B324-47AF-A5AF-83F998310D5F}.Debug|Any CPU.ActiveCfg = Debug|Any CPU
		{8957EBD5-B324-47AF-A5AF-83F998310D5F}.Debug|Any CPU.Build.0 = Debug|Any CPU
		{8957EBD5-B324-47AF-A5AF-83F998310D5F}.Release|Any CPU.ActiveCfg = Release|Any CPU
		{8957EBD5-B324-47AF-A5AF-83F998310D5F}.Release|Any CPU.Build.0 = Release|Any CPU
		{710DE3C1-1820-49EC-B856-37DC2BA97B8C}.Debug|Any CPU.ActiveCfg = Debug|Any CPU
		{710DE3C1-1820-49EC-B856-37DC2BA97B8C}.Debug|Any CPU.Build.0 = Debug|Any CPU
		{710DE3C1-1820-49EC-B856-37DC2BA97B8C}.Release|Any CPU.ActiveCfg = Release|Any CPU
		{710DE3C1-1820-49EC-B856-37DC2BA97B8C}.Release|Any CPU.Build.0 = Release|Any CPU
		{48B23781-E6E7-4BFA-B4EB-285B418E7CF7}.Debug|Any CPU.ActiveCfg = Debug|Any CPU
		{48B23781-E6E7-4BFA-B4EB-285B418E7CF7}.Debug|Any CPU.Build.0 = Debug|Any CPU
		{48B23781-E6E7-4BFA-B4EB-285B418E7CF7}.Release|Any CPU.ActiveCfg = Release|Any CPU
		{48B23781-E6E7-4BFA-B4EB-285B418E7CF7}.Release|Any CPU.Build.0 = Release|Any CPU
		{00504C99-6B2D-428A-BE03-5FFD6CE66879}.Debug|Any CPU.ActiveCfg = Debug|Any CPU
		{00504C99-6B2D-428A-BE03-5FFD6CE66879}.Debug|Any CPU.Build.0 = Debug|Any CPU
		{00504C99-6B2D-428A-BE03-5FFD6CE66879}.Release|Any CPU.ActiveCfg = Release|Any CPU
		{00504C99-6B2D-428A-BE03-5FFD6CE66879}.Release|Any CPU.Build.0 = Release|Any CPU
		{830B4529-5539-4E4D-B224-4F0C4BF3C42E}.Debug|Any CPU.ActiveCfg = Debug|Any CPU
		{830B4529-5539-4E4D-B224-4F0C4BF3C42E}.Debug|Any CPU.Build.0 = Debug|Any CPU
		{830B4529-5539-4E4D-B224-4F0C4BF3C42E}.Release|Any CPU.ActiveCfg = Release|Any CPU
		{830B4529-5539-4E4D-B224-4F0C4BF3C42E}.Release|Any CPU.Build.0 = Release|Any CPU
	EndGlobalSection
EndGlobal
